// !$*UTF8*$!
{
	archiveVersion = 1;
	classes = {
	};
	objectVersion = 56;
	objects = {

/* Begin PBXBuildFile section */
		8072A70E29AFB37E00986C9F /* AppDelegate.swift in Sources */ = {isa = PBXBuildFile; fileRef = 8072A70D29AFB37E00986C9F /* AppDelegate.swift */; };
		8072A71029AFB37E00986C9F /* SceneDelegate.swift in Sources */ = {isa = PBXBuildFile; fileRef = 8072A70F29AFB37E00986C9F /* SceneDelegate.swift */; };
		8072A71229AFB37E00986C9F /* LoginView.swift in Sources */ = {isa = PBXBuildFile; fileRef = 8072A71129AFB37E00986C9F /* LoginView.swift */; };
		8072A71529AFB37E00986C9F /* Main.storyboard in Resources */ = {isa = PBXBuildFile; fileRef = 8072A71329AFB37E00986C9F /* Main.storyboard */; };
		8072A71729AFB37F00986C9F /* Assets.xcassets in Resources */ = {isa = PBXBuildFile; fileRef = 8072A71629AFB37F00986C9F /* Assets.xcassets */; };
		8072A71A29AFB37F00986C9F /* LaunchScreen.storyboard in Resources */ = {isa = PBXBuildFile; fileRef = 8072A71829AFB37F00986C9F /* LaunchScreen.storyboard */; };
		8072A72529AFB37F00986C9F /* Prayer_Time_ReminderTests.swift in Sources */ = {isa = PBXBuildFile; fileRef = 8072A72429AFB37F00986C9F /* Prayer_Time_ReminderTests.swift */; };
		8072A72F29AFB37F00986C9F /* Prayer_Time_ReminderUITests.swift in Sources */ = {isa = PBXBuildFile; fileRef = 8072A72E29AFB37F00986C9F /* Prayer_Time_ReminderUITests.swift */; };
		8072A73129AFB37F00986C9F /* Prayer_Time_ReminderUITestsLaunchTests.swift in Sources */ = {isa = PBXBuildFile; fileRef = 8072A73029AFB37F00986C9F /* Prayer_Time_ReminderUITestsLaunchTests.swift */; };
		8072A73F29AFB6F500986C9F /* PrayTimeService.swift in Sources */ = {isa = PBXBuildFile; fileRef = 8072A73E29AFB6F500986C9F /* PrayTimeService.swift */; };
		8072A74129AFB6FC00986C9F /* CitiesService.swift in Sources */ = {isa = PBXBuildFile; fileRef = 8072A74029AFB6FC00986C9F /* CitiesService.swift */; };
		8072A74629AFB72900986C9F /* Cities.swift in Sources */ = {isa = PBXBuildFile; fileRef = 8072A74529AFB72900986C9F /* Cities.swift */; };
		8072A74829AFB74000986C9F /* PrayTimes.swift in Sources */ = {isa = PBXBuildFile; fileRef = 8072A74729AFB74000986C9F /* PrayTimes.swift */; };
		8072A74A29AFC13900986C9F /* LoginViewModel.swift in Sources */ = {isa = PBXBuildFile; fileRef = 8072A74929AFC13900986C9F /* LoginViewModel.swift */; };
		8072A74C29AFCDCA00986C9F /* DetailView.swift in Sources */ = {isa = PBXBuildFile; fileRef = 8072A74B29AFCDCA00986C9F /* DetailView.swift */; };
		8072A74E29AFCE0000986C9F /* PrayViewModel.swift in Sources */ = {isa = PBXBuildFile; fileRef = 8072A74D29AFCE0000986C9F /* PrayViewModel.swift */; };
/* End PBXBuildFile section */

/* Begin PBXContainerItemProxy section */
		8072A72129AFB37F00986C9F /* PBXContainerItemProxy */ = {
			isa = PBXContainerItemProxy;
			containerPortal = 8072A70229AFB37E00986C9F /* Project object */;
			proxyType = 1;
			remoteGlobalIDString = 8072A70929AFB37E00986C9F;
			remoteInfo = "Prayer-Time-Reminder";
		};
		8072A72B29AFB37F00986C9F /* PBXContainerItemProxy */ = {
			isa = PBXContainerItemProxy;
			containerPortal = 8072A70229AFB37E00986C9F /* Project object */;
			proxyType = 1;
			remoteGlobalIDString = 8072A70929AFB37E00986C9F;
			remoteInfo = "Prayer-Time-Reminder";
		};
/* End PBXContainerItemProxy section */

/* Begin PBXFileReference section */
		8072A70A29AFB37E00986C9F /* Prayer-Time-Reminder.app */ = {isa = PBXFileReference; explicitFileType = wrapper.application; includeInIndex = 0; path = "Prayer-Time-Reminder.app"; sourceTree = BUILT_PRODUCTS_DIR; };
		8072A70D29AFB37E00986C9F /* AppDelegate.swift */ = {isa = PBXFileReference; lastKnownFileType = sourcecode.swift; path = AppDelegate.swift; sourceTree = "<group>"; };
		8072A70F29AFB37E00986C9F /* SceneDelegate.swift */ = {isa = PBXFileReference; lastKnownFileType = sourcecode.swift; path = SceneDelegate.swift; sourceTree = "<group>"; };
		8072A71129AFB37E00986C9F /* LoginView.swift */ = {isa = PBXFileReference; lastKnownFileType = sourcecode.swift; path = LoginView.swift; sourceTree = "<group>"; };
		8072A71429AFB37E00986C9F /* Base */ = {isa = PBXFileReference; lastKnownFileType = file.storyboard; name = Base; path = Base.lproj/Main.storyboard; sourceTree = "<group>"; };
		8072A71629AFB37F00986C9F /* Assets.xcassets */ = {isa = PBXFileReference; lastKnownFileType = folder.assetcatalog; path = Assets.xcassets; sourceTree = "<group>"; };
		8072A71929AFB37F00986C9F /* Base */ = {isa = PBXFileReference; lastKnownFileType = file.storyboard; name = Base; path = Base.lproj/LaunchScreen.storyboard; sourceTree = "<group>"; };
		8072A71B29AFB37F00986C9F /* Info.plist */ = {isa = PBXFileReference; lastKnownFileType = text.plist.xml; path = Info.plist; sourceTree = "<group>"; };
		8072A72029AFB37F00986C9F /* Prayer-Time-ReminderTests.xctest */ = {isa = PBXFileReference; explicitFileType = wrapper.cfbundle; includeInIndex = 0; path = "Prayer-Time-ReminderTests.xctest"; sourceTree = BUILT_PRODUCTS_DIR; };
		8072A72429AFB37F00986C9F /* Prayer_Time_ReminderTests.swift */ = {isa = PBXFileReference; lastKnownFileType = sourcecode.swift; path = Prayer_Time_ReminderTests.swift; sourceTree = "<group>"; };
		8072A72A29AFB37F00986C9F /* Prayer-Time-ReminderUITests.xctest */ = {isa = PBXFileReference; explicitFileType = wrapper.cfbundle; includeInIndex = 0; path = "Prayer-Time-ReminderUITests.xctest"; sourceTree = BUILT_PRODUCTS_DIR; };
		8072A72E29AFB37F00986C9F /* Prayer_Time_ReminderUITests.swift */ = {isa = PBXFileReference; lastKnownFileType = sourcecode.swift; path = Prayer_Time_ReminderUITests.swift; sourceTree = "<group>"; };
		8072A73029AFB37F00986C9F /* Prayer_Time_ReminderUITestsLaunchTests.swift */ = {isa = PBXFileReference; lastKnownFileType = sourcecode.swift; path = Prayer_Time_ReminderUITestsLaunchTests.swift; sourceTree = "<group>"; };
		8072A73E29AFB6F500986C9F /* PrayTimeService.swift */ = {isa = PBXFileReference; lastKnownFileType = sourcecode.swift; path = PrayTimeService.swift; sourceTree = "<group>"; };
		8072A74029AFB6FC00986C9F /* CitiesService.swift */ = {isa = PBXFileReference; lastKnownFileType = sourcecode.swift; path = CitiesService.swift; sourceTree = "<group>"; };
		8072A74529AFB72900986C9F /* Cities.swift */ = {isa = PBXFileReference; lastKnownFileType = sourcecode.swift; path = Cities.swift; sourceTree = "<group>"; };
		8072A74729AFB74000986C9F /* PrayTimes.swift */ = {isa = PBXFileReference; lastKnownFileType = sourcecode.swift; path = PrayTimes.swift; sourceTree = "<group>"; };
		8072A74929AFC13900986C9F /* LoginViewModel.swift */ = {isa = PBXFileReference; lastKnownFileType = sourcecode.swift; path = LoginViewModel.swift; sourceTree = "<group>"; };
		8072A74B29AFCDCA00986C9F /* DetailView.swift */ = {isa = PBXFileReference; lastKnownFileType = sourcecode.swift; path = DetailView.swift; sourceTree = "<group>"; };
		8072A74D29AFCE0000986C9F /* PrayViewModel.swift */ = {isa = PBXFileReference; lastKnownFileType = sourcecode.swift; path = PrayViewModel.swift; sourceTree = "<group>"; };
/* End PBXFileReference section */

/* Begin PBXFrameworksBuildPhase section */
		8072A70729AFB37E00986C9F /* Frameworks */ = {
			isa = PBXFrameworksBuildPhase;
			buildActionMask = 2147483647;
			files = (
			);
			runOnlyForDeploymentPostprocessing = 0;
		};
		8072A71D29AFB37F00986C9F /* Frameworks */ = {
			isa = PBXFrameworksBuildPhase;
			buildActionMask = 2147483647;
			files = (
			);
			runOnlyForDeploymentPostprocessing = 0;
		};
		8072A72729AFB37F00986C9F /* Frameworks */ = {
			isa = PBXFrameworksBuildPhase;
			buildActionMask = 2147483647;
			files = (
			);
			runOnlyForDeploymentPostprocessing = 0;
		};
/* End PBXFrameworksBuildPhase section */

/* Begin PBXGroup section */
		8072A70129AFB37E00986C9F = {
			isa = PBXGroup;
			children = (
				8072A70C29AFB37E00986C9F /* Prayer-Time-Reminder */,
				8072A72329AFB37F00986C9F /* Prayer-Time-ReminderTests */,
				8072A72D29AFB37F00986C9F /* Prayer-Time-ReminderUITests */,
				8072A70B29AFB37E00986C9F /* Products */,
			);
			sourceTree = "<group>";
		};
		8072A70B29AFB37E00986C9F /* Products */ = {
			isa = PBXGroup;
			children = (
				8072A70A29AFB37E00986C9F /* Prayer-Time-Reminder.app */,
				8072A72029AFB37F00986C9F /* Prayer-Time-ReminderTests.xctest */,
				8072A72A29AFB37F00986C9F /* Prayer-Time-ReminderUITests.xctest */,
			);
			name = Products;
			sourceTree = "<group>";
		};
		8072A70C29AFB37E00986C9F /* Prayer-Time-Reminder */ = {
			isa = PBXGroup;
			children = (
				8072A74429AFB71900986C9F /* ViewModels */,
				8072A74329AFB71400986C9F /* Views */,
				8072A74229AFB70E00986C9F /* Models */,
				8072A73D29AFB6E100986C9F /* WebServices */,
				8072A70D29AFB37E00986C9F /* AppDelegate.swift */,
				8072A70F29AFB37E00986C9F /* SceneDelegate.swift */,
				8072A71629AFB37F00986C9F /* Assets.xcassets */,
				8072A71B29AFB37F00986C9F /* Info.plist */,
			);
			path = "Prayer-Time-Reminder";
			sourceTree = "<group>";
		};
		8072A72329AFB37F00986C9F /* Prayer-Time-ReminderTests */ = {
			isa = PBXGroup;
			children = (
				8072A72429AFB37F00986C9F /* Prayer_Time_ReminderTests.swift */,
			);
			path = "Prayer-Time-ReminderTests";
			sourceTree = "<group>";
		};
		8072A72D29AFB37F00986C9F /* Prayer-Time-ReminderUITests */ = {
			isa = PBXGroup;
			children = (
				8072A72E29AFB37F00986C9F /* Prayer_Time_ReminderUITests.swift */,
				8072A73029AFB37F00986C9F /* Prayer_Time_ReminderUITestsLaunchTests.swift */,
			);
			path = "Prayer-Time-ReminderUITests";
			sourceTree = "<group>";
		};
		8072A73D29AFB6E100986C9F /* WebServices */ = {
			isa = PBXGroup;
			children = (
				8072A73E29AFB6F500986C9F /* PrayTimeService.swift */,
				8072A74029AFB6FC00986C9F /* CitiesService.swift */,
			);
			path = WebServices;
			sourceTree = "<group>";
		};
		8072A74229AFB70E00986C9F /* Models */ = {
			isa = PBXGroup;
			children = (
				8072A74529AFB72900986C9F /* Cities.swift */,
				8072A74729AFB74000986C9F /* PrayTimes.swift */,
			);
			path = Models;
			sourceTree = "<group>";
		};
		8072A74329AFB71400986C9F /* Views */ = {
			isa = PBXGroup;
			children = (
				8072A71129AFB37E00986C9F /* LoginView.swift */,
				8072A74B29AFCDCA00986C9F /* DetailView.swift */,
				8072A71329AFB37E00986C9F /* Main.storyboard */,
				8072A71829AFB37F00986C9F /* LaunchScreen.storyboard */,
			);
			path = Views;
			sourceTree = "<group>";
		};
		8072A74429AFB71900986C9F /* ViewModels */ = {
			isa = PBXGroup;
			children = (
				8072A74929AFC13900986C9F /* LoginViewModel.swift */,
				8072A74D29AFCE0000986C9F /* PrayViewModel.swift */,
			);
			path = ViewModels;
			sourceTree = "<group>";
		};
/* End PBXGroup section */

/* Begin PBXNativeTarget section */
		8072A70929AFB37E00986C9F /* Prayer-Time-Reminder */ = {
			isa = PBXNativeTarget;
			buildConfigurationList = 8072A73429AFB37F00986C9F /* Build configuration list for PBXNativeTarget "Prayer-Time-Reminder" */;
			buildPhases = (
				8072A70629AFB37E00986C9F /* Sources */,
				8072A70729AFB37E00986C9F /* Frameworks */,
				8072A70829AFB37E00986C9F /* Resources */,
			);
			buildRules = (
			);
			dependencies = (
			);
			name = "Prayer-Time-Reminder";
			productName = "Prayer-Time-Reminder";
			productReference = 8072A70A29AFB37E00986C9F /* Prayer-Time-Reminder.app */;
			productType = "com.apple.product-type.application";
		};
		8072A71F29AFB37F00986C9F /* Prayer-Time-ReminderTests */ = {
			isa = PBXNativeTarget;
			buildConfigurationList = 8072A73729AFB37F00986C9F /* Build configuration list for PBXNativeTarget "Prayer-Time-ReminderTests" */;
			buildPhases = (
				8072A71C29AFB37F00986C9F /* Sources */,
				8072A71D29AFB37F00986C9F /* Frameworks */,
				8072A71E29AFB37F00986C9F /* Resources */,
			);
			buildRules = (
			);
			dependencies = (
				8072A72229AFB37F00986C9F /* PBXTargetDependency */,
			);
			name = "Prayer-Time-ReminderTests";
			productName = "Prayer-Time-ReminderTests";
			productReference = 8072A72029AFB37F00986C9F /* Prayer-Time-ReminderTests.xctest */;
			productType = "com.apple.product-type.bundle.unit-test";
		};
		8072A72929AFB37F00986C9F /* Prayer-Time-ReminderUITests */ = {
			isa = PBXNativeTarget;
			buildConfigurationList = 8072A73A29AFB37F00986C9F /* Build configuration list for PBXNativeTarget "Prayer-Time-ReminderUITests" */;
			buildPhases = (
				8072A72629AFB37F00986C9F /* Sources */,
				8072A72729AFB37F00986C9F /* Frameworks */,
				8072A72829AFB37F00986C9F /* Resources */,
			);
			buildRules = (
			);
			dependencies = (
				8072A72C29AFB37F00986C9F /* PBXTargetDependency */,
			);
			name = "Prayer-Time-ReminderUITests";
			productName = "Prayer-Time-ReminderUITests";
			productReference = 8072A72A29AFB37F00986C9F /* Prayer-Time-ReminderUITests.xctest */;
			productType = "com.apple.product-type.bundle.ui-testing";
		};
/* End PBXNativeTarget section */

/* Begin PBXProject section */
		8072A70229AFB37E00986C9F /* Project object */ = {
			isa = PBXProject;
			attributes = {
				BuildIndependentTargetsInParallel = 1;
				LastSwiftUpdateCheck = 1420;
				LastUpgradeCheck = 1420;
				TargetAttributes = {
					8072A70929AFB37E00986C9F = {
						CreatedOnToolsVersion = 14.2;
					};
					8072A71F29AFB37F00986C9F = {
						CreatedOnToolsVersion = 14.2;
						TestTargetID = 8072A70929AFB37E00986C9F;
					};
					8072A72929AFB37F00986C9F = {
						CreatedOnToolsVersion = 14.2;
						TestTargetID = 8072A70929AFB37E00986C9F;
					};
				};
			};
			buildConfigurationList = 8072A70529AFB37E00986C9F /* Build configuration list for PBXProject "Prayer-Time-Reminder" */;
			compatibilityVersion = "Xcode 14.0";
			developmentRegion = en;
			hasScannedForEncodings = 0;
			knownRegions = (
				en,
				Base,
			);
			mainGroup = 8072A70129AFB37E00986C9F;
			productRefGroup = 8072A70B29AFB37E00986C9F /* Products */;
			projectDirPath = "";
			projectRoot = "";
			targets = (
				8072A70929AFB37E00986C9F /* Prayer-Time-Reminder */,
				8072A71F29AFB37F00986C9F /* Prayer-Time-ReminderTests */,
				8072A72929AFB37F00986C9F /* Prayer-Time-ReminderUITests */,
			);
		};
/* End PBXProject section */

/* Begin PBXResourcesBuildPhase section */
		8072A70829AFB37E00986C9F /* Resources */ = {
			isa = PBXResourcesBuildPhase;
			buildActionMask = 2147483647;
			files = (
				8072A71A29AFB37F00986C9F /* LaunchScreen.storyboard in Resources */,
				8072A71729AFB37F00986C9F /* Assets.xcassets in Resources */,
				8072A71529AFB37E00986C9F /* Main.storyboard in Resources */,
			);
			runOnlyForDeploymentPostprocessing = 0;
		};
		8072A71E29AFB37F00986C9F /* Resources */ = {
			isa = PBXResourcesBuildPhase;
			buildActionMask = 2147483647;
			files = (
			);
			runOnlyForDeploymentPostprocessing = 0;
		};
		8072A72829AFB37F00986C9F /* Resources */ = {
			isa = PBXResourcesBuildPhase;
			buildActionMask = 2147483647;
			files = (
			);
			runOnlyForDeploymentPostprocessing = 0;
		};
/* End PBXResourcesBuildPhase section */

/* Begin PBXSourcesBuildPhase section */
		8072A70629AFB37E00986C9F /* Sources */ = {
			isa = PBXSourcesBuildPhase;
			buildActionMask = 2147483647;
			files = (
				8072A74629AFB72900986C9F /* Cities.swift in Sources */,
				8072A74C29AFCDCA00986C9F /* DetailView.swift in Sources */,
				8072A73F29AFB6F500986C9F /* PrayTimeService.swift in Sources */,
				8072A71229AFB37E00986C9F /* LoginView.swift in Sources */,
				8072A70E29AFB37E00986C9F /* AppDelegate.swift in Sources */,
				8072A74A29AFC13900986C9F /* LoginViewModel.swift in Sources */,
				8072A71029AFB37E00986C9F /* SceneDelegate.swift in Sources */,
				8072A74829AFB74000986C9F /* PrayTimes.swift in Sources */,
				8072A74E29AFCE0000986C9F /* PrayViewModel.swift in Sources */,
				8072A74129AFB6FC00986C9F /* CitiesService.swift in Sources */,
			);
			runOnlyForDeploymentPostprocessing = 0;
		};
		8072A71C29AFB37F00986C9F /* Sources */ = {
			isa = PBXSourcesBuildPhase;
			buildActionMask = 2147483647;
			files = (
				8072A72529AFB37F00986C9F /* Prayer_Time_ReminderTests.swift in Sources */,
			);
			runOnlyForDeploymentPostprocessing = 0;
		};
		8072A72629AFB37F00986C9F /* Sources */ = {
			isa = PBXSourcesBuildPhase;
			buildActionMask = 2147483647;
			files = (
				8072A73129AFB37F00986C9F /* Prayer_Time_ReminderUITestsLaunchTests.swift in Sources */,
				8072A72F29AFB37F00986C9F /* Prayer_Time_ReminderUITests.swift in Sources */,
			);
			runOnlyForDeploymentPostprocessing = 0;
		};
/* End PBXSourcesBuildPhase section */

/* Begin PBXTargetDependency section */
		8072A72229AFB37F00986C9F /* PBXTargetDependency */ = {
			isa = PBXTargetDependency;
			target = 8072A70929AFB37E00986C9F /* Prayer-Time-Reminder */;
			targetProxy = 8072A72129AFB37F00986C9F /* PBXContainerItemProxy */;
		};
		8072A72C29AFB37F00986C9F /* PBXTargetDependency */ = {
			isa = PBXTargetDependency;
			target = 8072A70929AFB37E00986C9F /* Prayer-Time-Reminder */;
			targetProxy = 8072A72B29AFB37F00986C9F /* PBXContainerItemProxy */;
		};
/* End PBXTargetDependency section */

/* Begin PBXVariantGroup section */
		8072A71329AFB37E00986C9F /* Main.storyboard */ = {
			isa = PBXVariantGroup;
			children = (
				8072A71429AFB37E00986C9F /* Base */,
			);
			name = Main.storyboard;
			sourceTree = "<group>";
		};
		8072A71829AFB37F00986C9F /* LaunchScreen.storyboard */ = {
			isa = PBXVariantGroup;
			children = (
				8072A71929AFB37F00986C9F /* Base */,
			);
			name = LaunchScreen.storyboard;
			sourceTree = "<group>";
		};
/* End PBXVariantGroup section */

/* Begin XCBuildConfiguration section */
		8072A73229AFB37F00986C9F /* Debug */ = {
			isa = XCBuildConfiguration;
			buildSettings = {
				ALWAYS_SEARCH_USER_PATHS = NO;
				CLANG_ANALYZER_NONNULL = YES;
				CLANG_ANALYZER_NUMBER_OBJECT_CONVERSION = YES_AGGRESSIVE;
				CLANG_CXX_LANGUAGE_STANDARD = "gnu++20";
				CLANG_ENABLE_MODULES = YES;
				CLANG_ENABLE_OBJC_ARC = YES;
				CLANG_ENABLE_OBJC_WEAK = YES;
				CLANG_WARN_BLOCK_CAPTURE_AUTORELEASING = YES;
				CLANG_WARN_BOOL_CONVERSION = YES;
				CLANG_WARN_COMMA = YES;
				CLANG_WARN_CONSTANT_CONVERSION = YES;
				CLANG_WARN_DEPRECATED_OBJC_IMPLEMENTATIONS = YES;
				CLANG_WARN_DIRECT_OBJC_ISA_USAGE = YES_ERROR;
				CLANG_WARN_DOCUMENTATION_COMMENTS = YES;
				CLANG_WARN_EMPTY_BODY = YES;
				CLANG_WARN_ENUM_CONVERSION = YES;
				CLANG_WARN_INFINITE_RECURSION = YES;
				CLANG_WARN_INT_CONVERSION = YES;
				CLANG_WARN_NON_LITERAL_NULL_CONVERSION = YES;
				CLANG_WARN_OBJC_IMPLICIT_RETAIN_SELF = YES;
				CLANG_WARN_OBJC_LITERAL_CONVERSION = YES;
				CLANG_WARN_OBJC_ROOT_CLASS = YES_ERROR;
				CLANG_WARN_QUOTED_INCLUDE_IN_FRAMEWORK_HEADER = YES;
				CLANG_WARN_RANGE_LOOP_ANALYSIS = YES;
				CLANG_WARN_STRICT_PROTOTYPES = YES;
				CLANG_WARN_SUSPICIOUS_MOVE = YES;
				CLANG_WARN_UNGUARDED_AVAILABILITY = YES_AGGRESSIVE;
				CLANG_WARN_UNREACHABLE_CODE = YES;
				CLANG_WARN__DUPLICATE_METHOD_MATCH = YES;
				COPY_PHASE_STRIP = NO;
				DEBUG_INFORMATION_FORMAT = dwarf;
				ENABLE_STRICT_OBJC_MSGSEND = YES;
				ENABLE_TESTABILITY = YES;
				GCC_C_LANGUAGE_STANDARD = gnu11;
				GCC_DYNAMIC_NO_PIC = NO;
				GCC_NO_COMMON_BLOCKS = YES;
				GCC_OPTIMIZATION_LEVEL = 0;
				GCC_PREPROCESSOR_DEFINITIONS = (
					"DEBUG=1",
					"$(inherited)",
				);
				GCC_WARN_64_TO_32_BIT_CONVERSION = YES;
				GCC_WARN_ABOUT_RETURN_TYPE = YES_ERROR;
				GCC_WARN_UNDECLARED_SELECTOR = YES;
				GCC_WARN_UNINITIALIZED_AUTOS = YES_AGGRESSIVE;
				GCC_WARN_UNUSED_FUNCTION = YES;
				GCC_WARN_UNUSED_VARIABLE = YES;
				IPHONEOS_DEPLOYMENT_TARGET = 16.2;
				MTL_ENABLE_DEBUG_INFO = INCLUDE_SOURCE;
				MTL_FAST_MATH = YES;
				ONLY_ACTIVE_ARCH = YES;
				SDKROOT = iphoneos;
				SWIFT_ACTIVE_COMPILATION_CONDITIONS = DEBUG;
				SWIFT_OPTIMIZATION_LEVEL = "-Onone";
			};
			name = Debug;
		};
		8072A73329AFB37F00986C9F /* Release */ = {
			isa = XCBuildConfiguration;
			buildSettings = {
				ALWAYS_SEARCH_USER_PATHS = NO;
				CLANG_ANALYZER_NONNULL = YES;
				CLANG_ANALYZER_NUMBER_OBJECT_CONVERSION = YES_AGGRESSIVE;
				CLANG_CXX_LANGUAGE_STANDARD = "gnu++20";
				CLANG_ENABLE_MODULES = YES;
				CLANG_ENABLE_OBJC_ARC = YES;
				CLANG_ENABLE_OBJC_WEAK = YES;
				CLANG_WARN_BLOCK_CAPTURE_AUTORELEASING = YES;
				CLANG_WARN_BOOL_CONVERSION = YES;
				CLANG_WARN_COMMA = YES;
				CLANG_WARN_CONSTANT_CONVERSION = YES;
				CLANG_WARN_DEPRECATED_OBJC_IMPLEMENTATIONS = YES;
				CLANG_WARN_DIRECT_OBJC_ISA_USAGE = YES_ERROR;
				CLANG_WARN_DOCUMENTATION_COMMENTS = YES;
				CLANG_WARN_EMPTY_BODY = YES;
				CLANG_WARN_ENUM_CONVERSION = YES;
				CLANG_WARN_INFINITE_RECURSION = YES;
				CLANG_WARN_INT_CONVERSION = YES;
				CLANG_WARN_NON_LITERAL_NULL_CONVERSION = YES;
				CLANG_WARN_OBJC_IMPLICIT_RETAIN_SELF = YES;
				CLANG_WARN_OBJC_LITERAL_CONVERSION = YES;
				CLANG_WARN_OBJC_ROOT_CLASS = YES_ERROR;
				CLANG_WARN_QUOTED_INCLUDE_IN_FRAMEWORK_HEADER = YES;
				CLANG_WARN_RANGE_LOOP_ANALYSIS = YES;
				CLANG_WARN_STRICT_PROTOTYPES = YES;
				CLANG_WARN_SUSPICIOUS_MOVE = YES;
				CLANG_WARN_UNGUARDED_AVAILABILITY = YES_AGGRESSIVE;
				CLANG_WARN_UNREACHABLE_CODE = YES;
				CLANG_WARN__DUPLICATE_METHOD_MATCH = YES;
				COPY_PHASE_STRIP = NO;
				DEBUG_INFORMATION_FORMAT = "dwarf-with-dsym";
				ENABLE_NS_ASSERTIONS = NO;
				ENABLE_STRICT_OBJC_MSGSEND = YES;
				GCC_C_LANGUAGE_STANDARD = gnu11;
				GCC_NO_COMMON_BLOCKS = YES;
				GCC_WARN_64_TO_32_BIT_CONVERSION = YES;
				GCC_WARN_ABOUT_RETURN_TYPE = YES_ERROR;
				GCC_WARN_UNDECLARED_SELECTOR = YES;
				GCC_WARN_UNINITIALIZED_AUTOS = YES_AGGRESSIVE;
				GCC_WARN_UNUSED_FUNCTION = YES;
				GCC_WARN_UNUSED_VARIABLE = YES;
				IPHONEOS_DEPLOYMENT_TARGET = 16.2;
				MTL_ENABLE_DEBUG_INFO = NO;
				MTL_FAST_MATH = YES;
				SDKROOT = iphoneos;
				SWIFT_COMPILATION_MODE = wholemodule;
				SWIFT_OPTIMIZATION_LEVEL = "-O";
				VALIDATE_PRODUCT = YES;
			};
			name = Release;
		};
		8072A73529AFB37F00986C9F /* Debug */ = {
			isa = XCBuildConfiguration;
			buildSettings = {
				ASSETCATALOG_COMPILER_APPICON_NAME = AppIcon;
				ASSETCATALOG_COMPILER_GLOBAL_ACCENT_COLOR_NAME = AccentColor;
				CODE_SIGN_STYLE = Automatic;
				CURRENT_PROJECT_VERSION = 1;
				DEVELOPMENT_TEAM = 936XSD7LYL;
				GENERATE_INFOPLIST_FILE = YES;
				INFOPLIST_FILE = "Prayer-Time-Reminder/Info.plist";
				INFOPLIST_KEY_UIApplicationSupportsIndirectInputEvents = YES;
				INFOPLIST_KEY_UILaunchStoryboardName = LaunchScreen;
				INFOPLIST_KEY_UIMainStoryboardFile = Main;
				INFOPLIST_KEY_UISupportedInterfaceOrientations_iPad = "UIInterfaceOrientationPortrait UIInterfaceOrientationPortraitUpsideDown UIInterfaceOrientationLandscapeLeft UIInterfaceOrientationLandscapeRight";
				INFOPLIST_KEY_UISupportedInterfaceOrientations_iPhone = "UIInterfaceOrientationPortrait UIInterfaceOrientationLandscapeLeft UIInterfaceOrientationLandscapeRight";
				LD_RUNPATH_SEARCH_PATHS = (
					"$(inherited)",
					"@executable_path/Frameworks",
				);
				MARKETING_VERSION = 1.0;
				PRODUCT_BUNDLE_IDENTIFIER = "ibrahimmbyrrm.Prayer-Time-Reminder";
				PRODUCT_NAME = "$(TARGET_NAME)";
				SWIFT_EMIT_LOC_STRINGS = YES;
				SWIFT_VERSION = 5.0;
				TARGETED_DEVICE_FAMILY = "1,2";
			};
			name = Debug;
		};
		8072A73629AFB37F00986C9F /* Release */ = {
			isa = XCBuildConfiguration;
			buildSettings = {
				ASSETCATALOG_COMPILER_APPICON_NAME = AppIcon;
				ASSETCATALOG_COMPILER_GLOBAL_ACCENT_COLOR_NAME = AccentColor;
				CODE_SIGN_STYLE = Automatic;
				CURRENT_PROJECT_VERSION = 1;
				DEVELOPMENT_TEAM = 936XSD7LYL;
				GENERATE_INFOPLIST_FILE = YES;
				INFOPLIST_FILE = "Prayer-Time-Reminder/Info.plist";
				INFOPLIST_KEY_UIApplicationSupportsIndirectInputEvents = YES;
				INFOPLIST_KEY_UILaunchStoryboardName = LaunchScreen;
				INFOPLIST_KEY_UIMainStoryboardFile = Main;
				INFOPLIST_KEY_UISupportedInterfaceOrientations_iPad = "UIInterfaceOrientationPortrait UIInterfaceOrientationPortraitUpsideDown UIInterfaceOrientationLandscapeLeft UIInterfaceOrientationLandscapeRight";
				INFOPLIST_KEY_UISupportedInterfaceOrientations_iPhone = "UIInterfaceOrientationPortrait UIInterfaceOrientationLandscapeLeft UIInterfaceOrientationLandscapeRight";
				LD_RUNPATH_SEARCH_PATHS = (
					"$(inherited)",
					"@executable_path/Frameworks",
				);
				MARKETING_VERSION = 1.0;
				PRODUCT_BUNDLE_IDENTIFIER = "ibrahimmbyrrm.Prayer-Time-Reminder";
				PRODUCT_NAME = "$(TARGET_NAME)";
				SWIFT_EMIT_LOC_STRINGS = YES;
				SWIFT_VERSION = 5.0;
				TARGETED_DEVICE_FAMILY = "1,2";
			};
			name = Release;
		};
		8072A73829AFB37F00986C9F /* Debug */ = {
			isa = XCBuildConfiguration;
			buildSettings = {
				ALWAYS_EMBED_SWIFT_STANDARD_LIBRARIES = YES;
				BUNDLE_LOADER = "$(TEST_HOST)";
				CODE_SIGN_STYLE = Automatic;
				CURRENT_PROJECT_VERSION = 1;
				DEVELOPMENT_TEAM = 936XSD7LYL;
				GENERATE_INFOPLIST_FILE = YES;
				IPHONEOS_DEPLOYMENT_TARGET = 16.2;
				MARKETING_VERSION = 1.0;
				PRODUCT_BUNDLE_IDENTIFIER = "ibrahimmbyrrm.Prayer-Time-ReminderTests";
				PRODUCT_NAME = "$(TARGET_NAME)";
				SWIFT_EMIT_LOC_STRINGS = NO;
				SWIFT_VERSION = 5.0;
				TARGETED_DEVICE_FAMILY = "1,2";
				TEST_HOST = "$(BUILT_PRODUCTS_DIR)/Prayer-Time-Reminder.app/$(BUNDLE_EXECUTABLE_FOLDER_PATH)/Prayer-Time-Reminder";
			};
			name = Debug;
		};
		8072A73929AFB37F00986C9F /* Release */ = {
			isa = XCBuildConfiguration;
			buildSettings = {
				ALWAYS_EMBED_SWIFT_STANDARD_LIBRARIES = YES;
				BUNDLE_LOADER = "$(TEST_HOST)";
				CODE_SIGN_STYLE = Automatic;
				CURRENT_PROJECT_VERSION = 1;
				DEVELOPMENT_TEAM = 936XSD7LYL;
				GENERATE_INFOPLIST_FILE = YES;
				IPHONEOS_DEPLOYMENT_TARGET = 16.2;
				MARKETING_VERSION = 1.0;
				PRODUCT_BUNDLE_IDENTIFIER = "ibrahimmbyrrm.Prayer-Time-ReminderTests";
				PRODUCT_NAME = "$(TARGET_NAME)";
				SWIFT_EMIT_LOC_STRINGS = NO;
				SWIFT_VERSION = 5.0;
				TARGETED_DEVICE_FAMILY = "1,2";
				TEST_HOST = "$(BUILT_PRODUCTS_DIR)/Prayer-Time-Reminder.app/$(BUNDLE_EXECUTABLE_FOLDER_PATH)/Prayer-Time-Reminder";
			};
			name = Release;
		};
		8072A73B29AFB37F00986C9F /* Debug */ = {
			isa = XCBuildConfiguration;
			buildSettings = {
				ALWAYS_EMBED_SWIFT_STANDARD_LIBRARIES = YES;
				CODE_SIGN_STYLE = Automatic;
				CURRENT_PROJECT_VERSION = 1;
				DEVELOPMENT_TEAM = 936XSD7LYL;
				GENERATE_INFOPLIST_FILE = YES;
				MARKETING_VERSION = 1.0;
				PRODUCT_BUNDLE_IDENTIFIER = "ibrahimmbyrrm.Prayer-Time-ReminderUITests";
				PRODUCT_NAME = "$(TARGET_NAME)";
				SWIFT_EMIT_LOC_STRINGS = NO;
				SWIFT_VERSION = 5.0;
				TARGETED_DEVICE_FAMILY = "1,2";
				TEST_TARGET_NAME = "Prayer-Time-Reminder";
			};
			name = Debug;
		};
		8072A73C29AFB37F00986C9F /* Release */ = {
			isa = XCBuildConfiguration;
			buildSettings = {
				ALWAYS_EMBED_SWIFT_STANDARD_LIBRARIES = YES;
				CODE_SIGN_STYLE = Automatic;
				CURRENT_PROJECT_VERSION = 1;
				DEVELOPMENT_TEAM = 936XSD7LYL;
				GENERATE_INFOPLIST_FILE = YES;
				MARKETING_VERSION = 1.0;
				PRODUCT_BUNDLE_IDENTIFIER = "ibrahimmbyrrm.Prayer-Time-ReminderUITests";
				PRODUCT_NAME = "$(TARGET_NAME)";
				SWIFT_EMIT_LOC_STRINGS = NO;
				SWIFT_VERSION = 5.0;
				TARGETED_DEVICE_FAMILY = "1,2";
				TEST_TARGET_NAME = "Prayer-Time-Reminder";
			};
			name = Release;
		};
/* End XCBuildConfiguration section */

/* Begin XCConfigurationList section */
		8072A70529AFB37E00986C9F /* Build configuration list for PBXProject "Prayer-Time-Reminder" */ = {
			isa = XCConfigurationList;
			buildConfigurations = (
				8072A73229AFB37F00986C9F /* Debug */,
				8072A73329AFB37F00986C9F /* Release */,
			);
			defaultConfigurationIsVisible = 0;
			defaultConfigurationName = Release;
		};
		8072A73429AFB37F00986C9F /* Build configuration list for PBXNativeTarget "Prayer-Time-Reminder" */ = {
			isa = XCConfigurationList;
			buildConfigurations = (
				8072A73529AFB37F00986C9F /* Debug */,
				8072A73629AFB37F00986C9F /* Release */,
			);
			defaultConfigurationIsVisible = 0;
			defaultConfigurationName = Release;
		};
		8072A73729AFB37F00986C9F /* Build configuration list for PBXNativeTarget "Prayer-Time-ReminderTests" */ = {
			isa = XCConfigurationList;
			buildConfigurations = (
				8072A73829AFB37F00986C9F /* Debug */,
				8072A73929AFB37F00986C9F /* Release */,
			);
			defaultConfigurationIsVisible = 0;
			defaultConfigurationName = Release;
		};
		8072A73A29AFB37F00986C9F /* Build configuration list for PBXNativeTarget "Prayer-Time-ReminderUITests" */ = {
			isa = XCConfigurationList;
			buildConfigurations = (
				8072A73B29AFB37F00986C9F /* Debug */,
				8072A73C29AFB37F00986C9F /* Release */,
			);
			defaultConfigurationIsVisible = 0;
			defaultConfigurationName = Release;
		};
/* End XCConfigurationList section */
	};
	rootObject = 8072A70229AFB37E00986C9F /* Project object */;
}
